
Microsoft Visual Studio Solution File, Format Version 12.00
# Visual Studio Version 17
VisualStudioVersion = 17.9.34616.47
MinimumVisualStudioVersion = 10.0.40219.1
Project("{FAE04EC0-301F-11D3-BF4B-00C04F79EFBC}") = "TaskManagement.Core", "TaskManagement.Core\TaskManagement.Core.csproj", "{28889EAB-FDC8-4649-A546-54CB6316F143}"
EndProject
Project("{FAE04EC0-301F-11D3-BF4B-00C04F79EFBC}") = "TaskManagement.Infrastructure", "TaskManagement.Infrastructure\TaskManagement.Infrastructure.csproj", "{2E2E56A6-6616-4BC9-9B70-03053ECA8A6D}"
EndProject
Project("{FAE04EC0-301F-11D3-BF4B-00C04F79EFBC}") = "TaskManagement.Web", "TaskManagement.Web\TaskManagement.Web.csproj", "{18E734C0-4A2A-4BE8-84E6-FA8804F25F48}"
EndProject
Global
	GlobalSection(SolutionConfigurationPlatforms) = preSolution
		Debug|Any CPU = Debug|Any CPU
		Release|Any CPU = Release|Any CPU
	EndGlobalSection
	GlobalSection(ProjectConfigurationPlatforms) = postSolution
		{28889EAB-FDC8-4649-A546-54CB6316F143}.Debug|Any CPU.ActiveCfg = Debug|Any CPU
		{28889EAB-FDC8-4649-A546-54CB6316F143}.Debug|Any CPU.Build.0 = Debug|Any CPU
		{28889EAB-FDC8-4649-A546-54CB6316F143}.Release|Any CPU.ActiveCfg = Release|Any CPU
		{28889EAB-FDC8-4649-A546-54CB6316F143}.Release|Any CPU.Build.0 = Release|Any CPU
		{2E2E56A6-6616-4BC9-9B70-03053ECA8A6D}.Debug|Any CPU.ActiveCfg = Debug|Any CPU
		{2E2E56A6-6616-4BC9-9B70-03053ECA8A6D}.Debug|Any CPU.Build.0 = Debug|Any CPU
		{2E2E56A6-6616-4BC9-9B70-03053ECA8A6D}.Release|Any CPU.ActiveCfg = Release|Any CPU
		{2E2E56A6-6616-4BC9-9B70-03053ECA8A6D}.Release|Any CPU.Build.0 = Release|Any CPU
		{18E734C0-4A2A-4BE8-84E6-FA8804F25F48}.Debug|Any CPU.ActiveCfg = Debug|Any CPU
		{18E734C0-4A2A-4BE8-84E6-FA8804F25F48}.Debug|Any CPU.Build.0 = Debug|Any CPU
		{18E734C0-4A2A-4BE8-84E6-FA8804F25F48}.Release|Any CPU.ActiveCfg = Release|Any CPU
		{18E734C0-4A2A-4BE8-84E6-FA8804F25F48}.Release|Any CPU.Build.0 = Release|Any CPU
	EndGlobalSection
	GlobalSection(SolutionProperties) = preSolution
		HideSolutionNode = FALSE
	EndGlobalSection
	GlobalSection(ExtensibilityGlobals) = postSolution
		SolutionGuid = {306D2E6A-0B2F-45B3-8831-E01E8366ED0F}
	EndGlobalSection
EndGlobal
